
Microsoft Visual Studio Solution File, Format Version 12.00
# Visual Studio Version 16
VisualStudioVersion = 16.0.808.0
MinimumVisualStudioVersion = 10.0.40219.1
Project("{FAE04EC0-301F-11D3-BF4B-00C04F79EFBC}") = "StaticExercise", "StaticExercise\StaticExercise.csproj", "{2B161B96-2B76-477D-9879-39B694FCFC15}"
EndProject
Global
	GlobalSection(SolutionConfigurationPlatforms) = preSolution
		Debug|Any CPU = Debug|Any CPU
		Release|Any CPU = Release|Any CPU
	EndGlobalSection
	GlobalSection(ProjectConfigurationPlatforms) = postSolution
		{2B161B96-2B76-477D-9879-39B694FCFC15}.Debug|Any CPU.ActiveCfg = Debug|Any CPU
		{2B161B96-2B76-477D-9879-39B694FCFC15}.Debug|Any CPU.Build.0 = Debug|Any CPU
		{2B161B96-2B76-477D-9879-39B694FCFC15}.Release|Any CPU.ActiveCfg = Release|Any CPU
		{2B161B96-2B76-477D-9879-39B694FCFC15}.Release|Any CPU.Build.0 = Release|Any CPU
	EndGlobalSection
	GlobalSection(SolutionProperties) = preSolution
		HideSolutionNode = FALSE
	EndGlobalSection
	GlobalSection(ExtensibilityGlobals) = postSolution
		SolutionGuid = {A7B2218A-5494-4799-90CD-2F91A10706C9}
	EndGlobalSection
EndGlobal
